<?xml version="1.0" encoding="utf-8"?>
<Project ToolsVersion="4.0" xmlns="http://schemas.microsoft.com/developer/msbuild/2003">
  <ItemGroup>
    <Filter Include="Quelldateien">
      <UniqueIdentifier>{4FC737F1-C7A5-4376-A066-2A32D752A2FF}</UniqueIdentifier>
      <Extensions>cpp;c;cc;cxx;def;odl;idl;hpj;bat;asm;asmx</Extensions>
    </Filter>
    <Filter Include="Quelldateien\utils">
      <UniqueIdentifier>{160ebd8c-ee62-439f-acb6-44249b040596}</UniqueIdentifier>
    </Filter>
    <Filter Include="Quelldateien\utils\models">
      <UniqueIdentifier>{dc5fa6cb-f125-4307-a116-1ce45c5c7f0b}</UniqueIdentifier>
    </Filter>
    <Filter Include="Quelldateien\utils\shader">
      <UniqueIdentifier>{6a54a247-36e2-4ceb-a2f9-a70627911295}</UniqueIdentifier>
    </Filter>
    <Filter Include="Quelldateien\utils\yourclasses">
      <UniqueIdentifier>{c817caf9-5b5a-4c75-ba93-0eb97e38e4d2}</UniqueIdentifier>
    </Filter>
    <Filter Include="shader">
      <UniqueIdentifier>{7e5cc3e7-3c0f-499d-9629-58c11a0d085d}</UniqueIdentifier>
    </Filter>
    <Filter Include="Quelldateien\utils\post">
      <UniqueIdentifier>{dcc2478c-1753-4135-9b4e-1eb2749dd27c}</UniqueIdentifier>
    </Filter>
  </ItemGroup>
  <ItemGroup>
    <ClCompile Include="..\..\src\main.cpp">
      <Filter>Quelldateien</Filter>
    </ClCompile>
    <ClCompile Include="..\..\src\Camera.cpp">
      <Filter>Quelldateien\utils</Filter>
    </ClCompile>
    <ClCompile Include="..\..\src\IndexBuffer.cpp">
      <Filter>Quelldateien\utils</Filter>
    </ClCompile>
    <ClCompile Include="..\..\src\Matrix.cpp">
      <Filter>Quelldateien\utils</Filter>
    </ClCompile>
    <ClCompile Include="..\..\src\Texture.cpp">
      <Filter>Quelldateien\utils</Filter>
    </ClCompile>
    <ClCompile Include="..\..\src\VertexBuffer.cpp">
      <Filter>Quelldateien\utils</Filter>
    </ClCompile>
    <ClCompile Include="..\..\src\BaseModel.cpp">
      <Filter>Quelldateien\utils\models</Filter>
    </ClCompile>
    <ClCompile Include="..\..\src\BaseShader.cpp">
      <Filter>Quelldateien\utils\shader</Filter>
    </ClCompile>
    <ClCompile Include="..\..\src\ConstantShader.cpp">
      <Filter>Quelldateien\utils\shader</Filter>
    </ClCompile>
    <ClCompile Include="..\..\src\LinePlaneModel.cpp">
      <Filter>Quelldateien\utils\models</Filter>
    </ClCompile>
    <ClCompile Include="..\..\src\PhongShader.cpp">
      <Filter>Quelldateien\utils\shader</Filter>
    </ClCompile>
    <ClCompile Include="..\..\src\color.cpp">
      <Filter>Quelldateien\utils\yourclasses</Filter>
    </ClCompile>
    <ClCompile Include="..\..\src\vector.cpp">
      <Filter>Quelldateien\utils\yourclasses</Filter>
    </ClCompile>
    <ClCompile Include="..\..\src\Model.cpp">
      <Filter>Quelldateien\utils\models</Filter>
    </ClCompile>
    <ClCompile Include="..\..\src\Aabb.cpp">
      <Filter>Quelldateien\utils\models</Filter>
    </ClCompile>
    <ClCompile Include="..\..\src\Scene.cpp">
      <Filter>Quelldateien</Filter>
    </ClCompile>
    <ClCompile Include="..\..\src\HDRFramebuffer.cpp">
      <Filter>Quelldateien\utils\post</Filter>
    </ClCompile>
    <ClCompile Include="..\..\src\PostTonemap.cpp">
      <Filter>Quelldateien\utils\post</Filter>
    </ClCompile>
    <ClCompile Include="..\..\src\PostEffect.cpp">
      <Filter>Quelldateien\utils\post</Filter>
    </ClCompile>
    <ClCompile Include="..\..\src\PostBlur.cpp">
      <Filter>Quelldateien\utils\post</Filter>
    </ClCompile>
    <ClCompile Include="..\..\src\ShaderLightMapper.cpp">
      <Filter>Quelldateien\utils</Filter>
    </ClCompile>
    <ClCompile Include="..\..\src\Score.cpp">
      <Filter>Quelldateien\utils\models</Filter>
    </ClCompile>
    <ClCompile Include="..\..\src\Track.cpp">
      <Filter>Quelldateien\utils\models</Filter>
    </ClCompile>
    <ClCompile Include="..\..\src\HUDCamera.cpp">
      <Filter>Quelldateien\utils</Filter>
    </ClCompile>
    <ClCompile Include="..\..\src\HUDShader.cpp">
      <Filter>Quelldateien\utils\shader</Filter>
    </ClCompile>
    <ClCompile Include="..\..\src\HUDElement.cpp">
      <Filter>Quelldateien\utils\models</Filter>
    </ClCompile>
    <ClCompile Include="..\..\src\Application.cpp">
      <Filter>Quelldateien</Filter>
    </ClCompile>
    <ClCompile Include="..\..\src\car.cpp">
      <Filter>Quelldateien\utils\models</Filter>
    </ClCompile>
    <ClCompile Include="..\..\src\GamestateManager.cpp">
      <Filter>Quelldateien</Filter>
    </ClCompile>
    <ClCompile Include="..\..\src\MainMenu.cpp">
      <Filter>Quelldateien</Filter>
    </ClCompile>
    <ClCompile Include="..\..\src\RainbowShader.cpp">
      <Filter>Quelldateien\utils\shader</Filter>
    </ClCompile>
    <ClCompile Include="..\..\src\Scenery.cpp">
      <Filter>Quelldateien\utils\models</Filter>
    </ClCompile>
    <ClCompile Include="..\..\src\SoundManager.cpp">
      <Filter>Quelldateien</Filter>
    </ClCompile>
  </ItemGroup>
  <ItemGroup>
    <ClInclude Include="..\..\src\Camera.h">
      <Filter>Quelldateien\utils</Filter>
    </ClInclude>
    <ClInclude Include="..\..\src\IndexBuffer.h">
      <Filter>Quelldateien\utils</Filter>
    </ClInclude>
    <ClInclude Include="..\..\src\Application.h">
      <Filter>Quelldateien</Filter>
    </ClInclude>
    <ClInclude Include="..\..\src\Matrix.h">
      <Filter>Quelldateien\utils</Filter>
    </ClInclude>
    <ClInclude Include="..\..\src\Texture.h">
      <Filter>Quelldateien\utils</Filter>
    </ClInclude>
    <ClInclude Include="..\..\src\VertexBuffer.h">
      <Filter>Quelldateien\utils</Filter>
    </ClInclude>
    <ClInclude Include="..\..\src\BaseModel.h">
      <Filter>Quelldateien\utils\models</Filter>
    </ClInclude>
    <ClInclude Include="..\..\src\BaseShader.h">
      <Filter>Quelldateien\utils\shader</Filter>
    </ClInclude>
    <ClInclude Include="..\..\src\ConstantShader.h">
      <Filter>Quelldateien\utils\shader</Filter>
    </ClInclude>
    <ClInclude Include="..\..\src\LinePlaneModel.h">
      <Filter>Quelldateien\utils\models</Filter>
    </ClInclude>
    <ClInclude Include="..\..\src\PhongShader.h">
      <Filter>Quelldateien\utils\shader</Filter>
    </ClInclude>
    <ClInclude Include="..\..\src\color.h">
      <Filter>Quelldateien\utils\yourclasses</Filter>
    </ClInclude>
    <ClInclude Include="..\..\src\vector.h">
      <Filter>Quelldateien\utils\yourclasses</Filter>
    </ClInclude>
    <ClInclude Include="..\..\src\Model.h">
      <Filter>Quelldateien\utils\models</Filter>
    </ClInclude>
    <ClInclude Include="..\..\src\Aabb.h">
      <Filter>Quelldateien\utils\models</Filter>
    </ClInclude>
    <ClInclude Include="..\..\src\Scene.h">
      <Filter>Quelldateien</Filter>
    </ClInclude>
    <ClInclude Include="..\..\src\HDRFramebuffer.h">
      <Filter>Quelldateien\utils\post</Filter>
    </ClInclude>
    <ClInclude Include="..\..\src\PostTonemap.h">
      <Filter>Quelldateien\utils\post</Filter>
    </ClInclude>
    <ClInclude Include="..\..\src\PostEffect.h">
      <Filter>Quelldateien\utils\post</Filter>
    </ClInclude>
    <ClInclude Include="..\..\src\PostBlur.h">
      <Filter>Quelldateien\utils\post</Filter>
    </ClInclude>
    <ClInclude Include="..\..\src\ShaderLightMapper.h">
      <Filter>Quelldateien\utils</Filter>
    </ClInclude>
    <ClInclude Include="..\..\src\Score.h">
      <Filter>Quelldateien\utils\models</Filter>
    </ClInclude>
    <ClInclude Include="..\..\src\Track.h">
      <Filter>Quelldateien\utils\models</Filter>
    </ClInclude>
    <ClInclude Include="..\..\src\BaseCamera.h">
      <Filter>Quelldateien\utils</Filter>
    </ClInclude>
    <ClInclude Include="..\..\src\HUDCamera.h">
      <Filter>Quelldateien\utils</Filter>
    </ClInclude>
    <ClInclude Include="..\..\src\HUDShader.h">
      <Filter>Quelldateien\utils\shader</Filter>
    </ClInclude>
    <ClInclude Include="..\..\src\HUDElement.h">
      <Filter>Quelldateien\utils\models</Filter>
    </ClInclude>
    <ClInclude Include="..\..\src\Car.h">
      <Filter>Quelldateien\utils\models</Filter>
    </ClInclude>
    <ClInclude Include="..\..\src\GamestateManager.h">
      <Filter>Quelldateien</Filter>
    </ClInclude>
    <ClInclude Include="..\..\src\MainMenu.h">
      <Filter>Quelldateien</Filter>
    </ClInclude>
    <ClInclude Include="..\..\src\RainbowShader.h">
      <Filter>Quelldateien\utils\shader</Filter>
    </ClInclude>
    <ClInclude Include="..\..\src\Scenery.h">
      <Filter>Quelldateien\utils\models</Filter>
    </ClInclude>
    <ClInclude Include="..\..\src\SoundManager.h">
      <Filter>Quelldateien</Filter>
    </ClInclude>
  </ItemGroup>
  <ItemGroup>
    <None Include="..\..\shader\fsblur.glsl">
      <Filter>shader</Filter>
    </None>
    <None Include="..\..\shader\fsphong.glsl">
      <Filter>shader</Filter>
    </None>
    <None Include="..\..\shader\fstonemap.glsl">
      <Filter>shader</Filter>
    </None>
    <None Include="..\..\shader\vsphong.glsl">
      <Filter>shader</Filter>
    </None>
    <None Include="..\..\shader\vspost.glsl">
      <Filter>shader</Filter>
    </None>
    <None Include="..\..\shader\fshud.glsl">
      <Filter>shader</Filter>
    </None>
    <None Include="..\..\shader\vshud.glsl">
      <Filter>shader</Filter>
    </None>
    <None Include="..\..\shader\fsrainbow.glsl">
      <Filter>shader</Filter>
    </None>
  </ItemGroup>
</Project>